{
	"name": "acryps-ch-kataster",
	"version": "1.3.2",
	"lockfileVersion": 2,
	"requires": true,
	"packages": {
		"": {
			"name": "acryps-ch-kataster",
			"version": "1.3.2",
			"dependencies": {
				"luucy-types": "^10.9.0",
				"typescript": "^4.6.4"
			}
		},
		"node_modules/luucy-types": {
			"version": "10.9.0",
			"resolved": "https://registry.npmjs.org/luucy-types/-/luucy-types-10.9.0.tgz",
			"integrity": "sha512-CL8lze/mKlosBuQvJRe7sP9MGsOy8KsP0XoaOcxnpLF7IRxwHoRj/Y9+SAmsjefL9aSzITL9f+SU17eezmW4qQ==",
			"hasInstallScript": true
		},
		"node_modules/typescript": {
			"version": "4.6.4",
			"resolved": "https://registry.npmjs.org/typescript/-/typescript-4.6.4.tgz",
			"integrity": "sha512-9ia/jWHIEbo49HfjrLGfKbZSuWo9iTMwXO+Ca3pRsSpbsMbc7/IU8NKdCZVRRBafVPGnoJeFL76ZOAA84I9fEg==",
			"bin": {
				"tsc": "bin/tsc",
				"tsserver": "bin/tsserver"
			},
			"engines": {
				"node": ">=4.2.0"
			}
		}
	},
	"dependencies": {
		"luucy-types": {
			"version": "10.9.0",
			"resolved": "https://registry.npmjs.org/luucy-types/-/luucy-types-10.9.0.tgz",
			"integrity": "sha512-CL8lze/mKlosBuQvJRe7sP9MGsOy8KsP0XoaOcxnpLF7IRxwHoRj/Y9+SAmsjefL9aSzITL9f+SU17eezmW4qQ=="
		},
		"typescript": {
			"version": "4.6.4",
			"resolved": "https://registry.npmjs.org/typescript/-/typescript-4.6.4.tgz",
			"integrity": "sha512-9ia/jWHIEbo49HfjrLGfKbZSuWo9iTMwXO+Ca3pRsSpbsMbc7/IU8NKdCZVRRBafVPGnoJeFL76ZOAA84I9fEg=="
		}
	}
}
